
Microsoft Visual Studio Solution File, Format Version 12.00
# Visual Studio 15
VisualStudioVersion = 15.0.28307.1000
MinimumVisualStudioVersion = 10.0.40219.1
Project("{FAE04EC0-301F-11D3-BF4B-00C04F79EFBC}") = "LabSheet5", "LabSheet5\LabSheet5.csproj", "{B63841BA-617C-4B61-95A7-AD7B0152E8BD}"
EndProject
Global
	GlobalSection(SolutionConfigurationPlatforms) = preSolution
		Debug|Any CPU = Debug|Any CPU
		Release|Any CPU = Release|Any CPU
	EndGlobalSection
	GlobalSection(ProjectConfigurationPlatforms) = postSolution
		{B63841BA-617C-4B61-95A7-AD7B0152E8BD}.Debug|Any CPU.ActiveCfg = Debug|Any CPU
		{B63841BA-617C-4B61-95A7-AD7B0152E8BD}.Debug|Any CPU.Build.0 = Debug|Any CPU
		{B63841BA-617C-4B61-95A7-AD7B0152E8BD}.Release|Any CPU.ActiveCfg = Release|Any CPU
		{B63841BA-617C-4B61-95A7-AD7B0152E8BD}.Release|Any CPU.Build.0 = Release|Any CPU
	EndGlobalSection
	GlobalSection(SolutionProperties) = preSolution
		HideSolutionNode = FALSE
	EndGlobalSection
	GlobalSection(ExtensibilityGlobals) = postSolution
		SolutionGuid = {6508BF8E-D848-426B-B49E-AB7B20C03E35}
	EndGlobalSection
EndGlobal
